
Microsoft Visual Studio Solution File, Format Version 12.00
# Visual Studio Version 16
VisualStudioVersion = 16.0.30517.126
MinimumVisualStudioVersion = 10.0.40219.1
Project("{FAE04EC0-301F-11D3-BF4B-00C04F79EFBC}") = "CreativeCommand", "CreativeCommand\CreativeCommand.csproj", "{8F326EC9-D0EF-4C3B-8DD6-423BE993EC4E}"
EndProject
Global
	GlobalSection(SolutionConfigurationPlatforms) = preSolution
		Debug|Any CPU = Debug|Any CPU
		Release|Any CPU = Release|Any CPU
	EndGlobalSection
	GlobalSection(ProjectConfigurationPlatforms) = postSolution
		{8F326EC9-D0EF-4C3B-8DD6-423BE993EC4E}.Debug|Any CPU.ActiveCfg = Debug|Any CPU
		{8F326EC9-D0EF-4C3B-8DD6-423BE993EC4E}.Debug|Any CPU.Build.0 = Debug|Any CPU
		{8F326EC9-D0EF-4C3B-8DD6-423BE993EC4E}.Release|Any CPU.ActiveCfg = Release|Any CPU
		{8F326EC9-D0EF-4C3B-8DD6-423BE993EC4E}.Release|Any CPU.Build.0 = Release|Any CPU
	EndGlobalSection
	GlobalSection(SolutionProperties) = preSolution
		HideSolutionNode = FALSE
	EndGlobalSection
	GlobalSection(ExtensibilityGlobals) = postSolution
		SolutionGuid = {385FCB4D-8575-4D3F-86BD-3B4519590CF0}
	EndGlobalSection
EndGlobal
